
Microsoft Visual Studio Solution File, Format Version 12.00
# Visual Studio Version 17
VisualStudioVersion = 17.11.35312.102
MinimumVisualStudioVersion = 10.0.40219.1
Project("{FAE04EC0-301F-11D3-BF4B-00C04F79EFBC}") = "CodeFirstExemple", "CodeFirstExemple\CodeFirstExemple.csproj", "{2F50F9FD-8860-4D84-BA89-B17A9A06F940}"
EndProject
Global
	GlobalSection(SolutionConfigurationPlatforms) = preSolution
		Debug|Any CPU = Debug|Any CPU
		Release|Any CPU = Release|Any CPU
	EndGlobalSection
	GlobalSection(ProjectConfigurationPlatforms) = postSolution
		{2F50F9FD-8860-4D84-BA89-B17A9A06F940}.Debug|Any CPU.ActiveCfg = Debug|Any CPU
		{2F50F9FD-8860-4D84-BA89-B17A9A06F940}.Debug|Any CPU.Build.0 = Debug|Any CPU
		{2F50F9FD-8860-4D84-BA89-B17A9A06F940}.Release|Any CPU.ActiveCfg = Release|Any CPU
		{2F50F9FD-8860-4D84-BA89-B17A9A06F940}.Release|Any CPU.Build.0 = Release|Any CPU
	EndGlobalSection
	GlobalSection(SolutionProperties) = preSolution
		HideSolutionNode = FALSE
	EndGlobalSection
	GlobalSection(ExtensibilityGlobals) = postSolution
		SolutionGuid = {4833627A-EDA7-4C43-B97C-1DE5F964E176}
	EndGlobalSection
EndGlobal
